
Microsoft Visual Studio Solution File, Format Version 12.00
# Visual Studio Version 16
VisualStudioVersion = 16.0.31911.196
MinimumVisualStudioVersion = 10.0.40219.1
Project("{FAE04EC0-301F-11D3-BF4B-00C04F79EFBC}") = "Tobias.App.UWP", "Tobias.App\Tobias.App.UWP\Tobias.App.UWP.csproj", "{E803BE7A-1799-4F03-9260-EEC1C87C64C3}"
EndProject
Project("{FAE04EC0-301F-11D3-BF4B-00C04F79EFBC}") = "Tobias.App.Android", "Tobias.App\Tobias.App.Android\Tobias.App.Android.csproj", "{2A765D99-12F8-4CB8-9B30-DEA23746FC2F}"
EndProject
Project("{9A19103F-16F7-4668-BE54-9A1E7A4F7556}") = "Tobias.App", "Tobias.App\Tobias.App\Tobias.App.csproj", "{5527F3EF-C395-4B3E-AA63-7EA93F64C2E4}"
EndProject
Project("{FAE04EC0-301F-11D3-BF4B-00C04F79EFBC}") = "Tobias.App.UITest", "Tobias.App.UITest\Tobias.App.UITest.csproj", "{2547A9BC-9E14-4EAE-9E36-A91029C349BA}"
	ProjectSection(ProjectDependencies) = postProject
		{E803BE7A-1799-4F03-9260-EEC1C87C64C3} = {E803BE7A-1799-4F03-9260-EEC1C87C64C3}
		{2A765D99-12F8-4CB8-9B30-DEA23746FC2F} = {2A765D99-12F8-4CB8-9B30-DEA23746FC2F}
	EndProjectSection
EndProject
Global
	GlobalSection(SolutionConfigurationPlatforms) = preSolution
		Debug|Any CPU = Debug|Any CPU
		Debug|ARM = Debug|ARM
		Debug|iPhone = Debug|iPhone
		Debug|iPhoneSimulator = Debug|iPhoneSimulator
		Debug|x64 = Debug|x64
		Debug|x86 = Debug|x86
		Release|Any CPU = Release|Any CPU
		Release|ARM = Release|ARM
		Release|iPhone = Release|iPhone
		Release|iPhoneSimulator = Release|iPhoneSimulator
		Release|x64 = Release|x64
		Release|x86 = Release|x86
	EndGlobalSection
	GlobalSection(ProjectConfigurationPlatforms) = postSolution
		{E803BE7A-1799-4F03-9260-EEC1C87C64C3}.Debug|Any CPU.ActiveCfg = Debug|x86
		{E803BE7A-1799-4F03-9260-EEC1C87C64C3}.Debug|Any CPU.Build.0 = Debug|x86
		{E803BE7A-1799-4F03-9260-EEC1C87C64C3}.Debug|Any CPU.Deploy.0 = Debug|x86
		{E803BE7A-1799-4F03-9260-EEC1C87C64C3}.Debug|ARM.ActiveCfg = Debug|ARM
		{E803BE7A-1799-4F03-9260-EEC1C87C64C3}.Debug|ARM.Build.0 = Debug|ARM
		{E803BE7A-1799-4F03-9260-EEC1C87C64C3}.Debug|ARM.Deploy.0 = Debug|ARM
		{E803BE7A-1799-4F03-9260-EEC1C87C64C3}.Debug|iPhone.ActiveCfg = Debug|x86
		{E803BE7A-1799-4F03-9260-EEC1C87C64C3}.Debug|iPhoneSimulator.ActiveCfg = Debug|x86
		{E803BE7A-1799-4F03-9260-EEC1C87C64C3}.Debug|x64.ActiveCfg = Debug|x64
		{E803BE7A-1799-4F03-9260-EEC1C87C64C3}.Debug|x64.Build.0 = Debug|x64
		{E803BE7A-1799-4F03-9260-EEC1C87C64C3}.Debug|x64.Deploy.0 = Debug|x64
		{E803BE7A-1799-4F03-9260-EEC1C87C64C3}.Debug|x86.ActiveCfg = Debug|x86
		{E803BE7A-1799-4F03-9260-EEC1C87C64C3}.Debug|x86.Build.0 = Debug|x86
		{E803BE7A-1799-4F03-9260-EEC1C87C64C3}.Debug|x86.Deploy.0 = Debug|x86
		{E803BE7A-1799-4F03-9260-EEC1C87C64C3}.Release|Any CPU.ActiveCfg = Release|x86
		{E803BE7A-1799-4F03-9260-EEC1C87C64C3}.Release|ARM.ActiveCfg = Release|ARM
		{E803BE7A-1799-4F03-9260-EEC1C87C64C3}.Release|ARM.Build.0 = Release|ARM
		{E803BE7A-1799-4F03-9260-EEC1C87C64C3}.Release|ARM.Deploy.0 = Release|ARM
		{E803BE7A-1799-4F03-9260-EEC1C87C64C3}.Release|iPhone.ActiveCfg = Release|x86
		{E803BE7A-1799-4F03-9260-EEC1C87C64C3}.Release|iPhoneSimulator.ActiveCfg = Release|x86
		{E803BE7A-1799-4F03-9260-EEC1C87C64C3}.Release|x64.ActiveCfg = Release|x64
		{E803BE7A-1799-4F03-9260-EEC1C87C64C3}.Release|x64.Build.0 = Release|x64
		{E803BE7A-1799-4F03-9260-EEC1C87C64C3}.Release|x64.Deploy.0 = Release|x64
		{E803BE7A-1799-4F03-9260-EEC1C87C64C3}.Release|x86.ActiveCfg = Release|x86
		{E803BE7A-1799-4F03-9260-EEC1C87C64C3}.Release|x86.Build.0 = Release|x86
		{E803BE7A-1799-4F03-9260-EEC1C87C64C3}.Release|x86.Deploy.0 = Release|x86
		{2A765D99-12F8-4CB8-9B30-DEA23746FC2F}.Debug|Any CPU.ActiveCfg = Debug|Any CPU
		{2A765D99-12F8-4CB8-9B30-DEA23746FC2F}.Debug|Any CPU.Build.0 = Debug|Any CPU
		{2A765D99-12F8-4CB8-9B30-DEA23746FC2F}.Debug|Any CPU.Deploy.0 = Debug|Any CPU
		{2A765D99-12F8-4CB8-9B30-DEA23746FC2F}.Debug|ARM.ActiveCfg = Debug|Any CPU
		{2A765D99-12F8-4CB8-9B30-DEA23746FC2F}.Debug|ARM.Build.0 = Debug|Any CPU
		{2A765D99-12F8-4CB8-9B30-DEA23746FC2F}.Debug|ARM.Deploy.0 = Debug|Any CPU
		{2A765D99-12F8-4CB8-9B30-DEA23746FC2F}.Debug|iPhone.ActiveCfg = Debug|Any CPU
		{2A765D99-12F8-4CB8-9B30-DEA23746FC2F}.Debug|iPhone.Build.0 = Debug|Any CPU
		{2A765D99-12F8-4CB8-9B30-DEA23746FC2F}.Debug|iPhone.Deploy.0 = Debug|Any CPU
		{2A765D99-12F8-4CB8-9B30-DEA23746FC2F}.Debug|iPhoneSimulator.ActiveCfg = Debug|Any CPU
		{2A765D99-12F8-4CB8-9B30-DEA23746FC2F}.Debug|iPhoneSimulator.Build.0 = Debug|Any CPU
		{2A765D99-12F8-4CB8-9B30-DEA23746FC2F}.Debug|iPhoneSimulator.Deploy.0 = Debug|Any CPU
		{2A765D99-12F8-4CB8-9B30-DEA23746FC2F}.Debug|x64.ActiveCfg = Debug|Any CPU
		{2A765D99-12F8-4CB8-9B30-DEA23746FC2F}.Debug|x64.Build.0 = Debug|Any CPU
		{2A765D99-12F8-4CB8-9B30-DEA23746FC2F}.Debug|x64.Deploy.0 = Debug|Any CPU
		{2A765D99-12F8-4CB8-9B30-DEA23746FC2F}.Debug|x86.ActiveCfg = Debug|Any CPU
		{2A765D99-12F8-4CB8-9B30-DEA23746FC2F}.Debug|x86.Build.0 = Debug|Any CPU
		{2A765D99-12F8-4CB8-9B30-DEA23746FC2F}.Debug|x86.Deploy.0 = Debug|Any CPU
		{2A765D99-12F8-4CB8-9B30-DEA23746FC2F}.Release|Any CPU.ActiveCfg = Release|Any CPU
		{2A765D99-12F8-4CB8-9B30-DEA23746FC2F}.Release|Any CPU.Build.0 = Release|Any CPU
		{2A765D99-12F8-4CB8-9B30-DEA23746FC2F}.Release|Any CPU.Deploy.0 = Release|Any CPU
		{2A765D99-12F8-4CB8-9B30-DEA23746FC2F}.Release|ARM.ActiveCfg = Release|Any CPU
		{2A765D99-12F8-4CB8-9B30-DEA23746FC2F}.Release|ARM.Build.0 = Release|Any CPU
		{2A765D99-12F8-4CB8-9B30-DEA23746FC2F}.Release|ARM.Deploy.0 = Release|Any CPU
		{2A765D99-12F8-4CB8-9B30-DEA23746FC2F}.Release|iPhone.ActiveCfg = Release|Any CPU
		{2A765D99-12F8-4CB8-9B30-DEA23746FC2F}.Release|iPhone.Build.0 = Release|Any CPU
		{2A765D99-12F8-4CB8-9B30-DEA23746FC2F}.Release|iPhone.Deploy.0 = Release|Any CPU
		{2A765D99-12F8-4CB8-9B30-DEA23746FC2F}.Release|iPhoneSimulator.ActiveCfg = Release|Any CPU
		{2A765D99-12F8-4CB8-9B30-DEA23746FC2F}.Release|iPhoneSimulator.Build.0 = Release|Any CPU
		{2A765D99-12F8-4CB8-9B30-DEA23746FC2F}.Release|iPhoneSimulator.Deploy.0 = Release|Any CPU
		{2A765D99-12F8-4CB8-9B30-DEA23746FC2F}.Release|x64.ActiveCfg = Release|Any CPU
		{2A765D99-12F8-4CB8-9B30-DEA23746FC2F}.Release|x64.Build.0 = Release|Any CPU
		{2A765D99-12F8-4CB8-9B30-DEA23746FC2F}.Release|x64.Deploy.0 = Release|Any CPU
		{2A765D99-12F8-4CB8-9B30-DEA23746FC2F}.Release|x86.ActiveCfg = Release|Any CPU
		{2A765D99-12F8-4CB8-9B30-DEA23746FC2F}.Release|x86.Build.0 = Release|Any CPU
		{2A765D99-12F8-4CB8-9B30-DEA23746FC2F}.Release|x86.Deploy.0 = Release|Any CPU
		{5527F3EF-C395-4B3E-AA63-7EA93F64C2E4}.Debug|Any CPU.ActiveCfg = Debug|Any CPU
		{5527F3EF-C395-4B3E-AA63-7EA93F64C2E4}.Debug|Any CPU.Build.0 = Debug|Any CPU
		{5527F3EF-C395-4B3E-AA63-7EA93F64C2E4}.Debug|ARM.ActiveCfg = Debug|Any CPU
		{5527F3EF-C395-4B3E-AA63-7EA93F64C2E4}.Debug|ARM.Build.0 = Debug|Any CPU
		{5527F3EF-C395-4B3E-AA63-7EA93F64C2E4}.Debug|iPhone.ActiveCfg = Debug|Any CPU
		{5527F3EF-C395-4B3E-AA63-7EA93F64C2E4}.Debug|iPhone.Build.0 = Debug|Any CPU
		{5527F3EF-C395-4B3E-AA63-7EA93F64C2E4}.Debug|iPhoneSimulator.ActiveCfg = Debug|Any CPU
		{5527F3EF-C395-4B3E-AA63-7EA93F64C2E4}.Debug|iPhoneSimulator.Build.0 = Debug|Any CPU
		{5527F3EF-C395-4B3E-AA63-7EA93F64C2E4}.Debug|x64.ActiveCfg = Debug|Any CPU
		{5527F3EF-C395-4B3E-AA63-7EA93F64C2E4}.Debug|x64.Build.0 = Debug|Any CPU
		{5527F3EF-C395-4B3E-AA63-7EA93F64C2E4}.Debug|x86.ActiveCfg = Debug|Any CPU
		{5527F3EF-C395-4B3E-AA63-7EA93F64C2E4}.Debug|x86.Build.0 = Debug|Any CPU
		{5527F3EF-C395-4B3E-AA63-7EA93F64C2E4}.Release|Any CPU.ActiveCfg = Release|Any CPU
		{5527F3EF-C395-4B3E-AA63-7EA93F64C2E4}.Release|Any CPU.Build.0 = Release|Any CPU
		{5527F3EF-C395-4B3E-AA63-7EA93F64C2E4}.Release|ARM.ActiveCfg = Release|Any CPU
		{5527F3EF-C395-4B3E-AA63-7EA93F64C2E4}.Release|ARM.Build.0 = Release|Any CPU
		{5527F3EF-C395-4B3E-AA63-7EA93F64C2E4}.Release|iPhone.ActiveCfg = Release|Any CPU
		{5527F3EF-C395-4B3E-AA63-7EA93F64C2E4}.Release|iPhone.Build.0 = Release|Any CPU
		{5527F3EF-C395-4B3E-AA63-7EA93F64C2E4}.Release|iPhoneSimulator.ActiveCfg = Release|Any CPU
		{5527F3EF-C395-4B3E-AA63-7EA93F64C2E4}.Release|iPhoneSimulator.Build.0 = Release|Any CPU
		{5527F3EF-C395-4B3E-AA63-7EA93F64C2E4}.Release|x64.ActiveCfg = Release|Any CPU
		{5527F3EF-C395-4B3E-AA63-7EA93F64C2E4}.Release|x64.Build.0 = Release|Any CPU
		{5527F3EF-C395-4B3E-AA63-7EA93F64C2E4}.Release|x86.ActiveCfg = Release|Any CPU
		{5527F3EF-C395-4B3E-AA63-7EA93F64C2E4}.Release|x86.Build.0 = Release|Any CPU
		{2547A9BC-9E14-4EAE-9E36-A91029C349BA}.Debug|Any CPU.ActiveCfg = Debug|Any CPU
		{2547A9BC-9E14-4EAE-9E36-A91029C349BA}.Debug|Any CPU.Build.0 = Debug|Any CPU
		{2547A9BC-9E14-4EAE-9E36-A91029C349BA}.Debug|ARM.ActiveCfg = Debug|Any CPU
		{2547A9BC-9E14-4EAE-9E36-A91029C349BA}.Debug|ARM.Build.0 = Debug|Any CPU
		{2547A9BC-9E14-4EAE-9E36-A91029C349BA}.Debug|iPhone.ActiveCfg = Debug|Any CPU
		{2547A9BC-9E14-4EAE-9E36-A91029C349BA}.Debug|iPhone.Build.0 = Debug|Any CPU
		{2547A9BC-9E14-4EAE-9E36-A91029C349BA}.Debug|iPhoneSimulator.ActiveCfg = Debug|Any CPU
		{2547A9BC-9E14-4EAE-9E36-A91029C349BA}.Debug|iPhoneSimulator.Build.0 = Debug|Any CPU
		{2547A9BC-9E14-4EAE-9E36-A91029C349BA}.Debug|x64.ActiveCfg = Debug|Any CPU
		{2547A9BC-9E14-4EAE-9E36-A91029C349BA}.Debug|x64.Build.0 = Debug|Any CPU
		{2547A9BC-9E14-4EAE-9E36-A91029C349BA}.Debug|x86.ActiveCfg = Debug|Any CPU
		{2547A9BC-9E14-4EAE-9E36-A91029C349BA}.Debug|x86.Build.0 = Debug|Any CPU
		{2547A9BC-9E14-4EAE-9E36-A91029C349BA}.Release|Any CPU.ActiveCfg = Release|Any CPU
		{2547A9BC-9E14-4EAE-9E36-A91029C349BA}.Release|Any CPU.Build.0 = Release|Any CPU
		{2547A9BC-9E14-4EAE-9E36-A91029C349BA}.Release|ARM.ActiveCfg = Release|Any CPU
		{2547A9BC-9E14-4EAE-9E36-A91029C349BA}.Release|ARM.Build.0 = Release|Any CPU
		{2547A9BC-9E14-4EAE-9E36-A91029C349BA}.Release|iPhone.ActiveCfg = Release|Any CPU
		{2547A9BC-9E14-4EAE-9E36-A91029C349BA}.Release|iPhone.Build.0 = Release|Any CPU
		{2547A9BC-9E14-4EAE-9E36-A91029C349BA}.Release|iPhoneSimulator.ActiveCfg = Release|Any CPU
		{2547A9BC-9E14-4EAE-9E36-A91029C349BA}.Release|iPhoneSimulator.Build.0 = Release|Any CPU
		{2547A9BC-9E14-4EAE-9E36-A91029C349BA}.Release|x64.ActiveCfg = Release|Any CPU
		{2547A9BC-9E14-4EAE-9E36-A91029C349BA}.Release|x64.Build.0 = Release|Any CPU
		{2547A9BC-9E14-4EAE-9E36-A91029C349BA}.Release|x86.ActiveCfg = Release|Any CPU
		{2547A9BC-9E14-4EAE-9E36-A91029C349BA}.Release|x86.Build.0 = Release|Any CPU
	EndGlobalSection
	GlobalSection(SolutionProperties) = preSolution
		HideSolutionNode = FALSE
	EndGlobalSection
	GlobalSection(ExtensibilityGlobals) = postSolution
		SolutionGuid = {05DB8185-10E9-49B1-8BE2-4662E9B88B76}
	EndGlobalSection
EndGlobal
