
Microsoft Visual Studio Solution File, Format Version 12.00
# Visual Studio Version 16
VisualStudioVersion = 16.0.31410.357
MinimumVisualStudioVersion = 10.0.40219.1
Project("{9A19103F-16F7-4668-BE54-9A1E7A4F7556}") = "Tobias.Core", "Tobias.Core\Tobias.Core.csproj", "{D81D2A21-B4F8-4BBE-A967-6D419BC91985}"
	ProjectSection(ProjectDependencies) = postProject
		{B4E86471-EA1F-4FE1-95E5-1A891EAB3CCA} = {B4E86471-EA1F-4FE1-95E5-1A891EAB3CCA}
	EndProjectSection
EndProject
Project("{9A19103F-16F7-4668-BE54-9A1E7A4F7556}") = "Tobias.DatabaseMgmt", "Tobias.DatabaseMgmt\Tobias.DatabaseMgmt.csproj", "{B4E86471-EA1F-4FE1-95E5-1A891EAB3CCA}"
EndProject
Project("{9A19103F-16F7-4668-BE54-9A1E7A4F7556}") = "Tobias.Core.Test", "Tobias.Core.Test\Tobias.Core.Test.csproj", "{6D2102AF-B999-4FA4-8FCC-4B4D070FD5FC}"
	ProjectSection(ProjectDependencies) = postProject
		{B4E86471-EA1F-4FE1-95E5-1A891EAB3CCA} = {B4E86471-EA1F-4FE1-95E5-1A891EAB3CCA}
	EndProjectSection
EndProject
Project("{9A19103F-16F7-4668-BE54-9A1E7A4F7556}") = "Tobias.General.Util", "Tobias.General.Util\Tobias.General.Util.csproj", "{5A56ADB6-1D49-4C02-BCDD-BE0BB1F3F9AC}"
EndProject
Project("{9A19103F-16F7-4668-BE54-9A1E7A4F7556}") = "Tobias.Core.TestUtil", "Tobias.Core.TestUtil\Tobias.Core.TestUtil.csproj", "{6280A060-BBA1-45B5-A633-BB2681142846}"
EndProject
Global
	GlobalSection(SolutionConfigurationPlatforms) = preSolution
		Debug|Any CPU = Debug|Any CPU
		Release|Any CPU = Release|Any CPU
	EndGlobalSection
	GlobalSection(ProjectConfigurationPlatforms) = postSolution
		{D81D2A21-B4F8-4BBE-A967-6D419BC91985}.Debug|Any CPU.ActiveCfg = Debug|Any CPU
		{D81D2A21-B4F8-4BBE-A967-6D419BC91985}.Debug|Any CPU.Build.0 = Debug|Any CPU
		{D81D2A21-B4F8-4BBE-A967-6D419BC91985}.Release|Any CPU.ActiveCfg = Release|Any CPU
		{D81D2A21-B4F8-4BBE-A967-6D419BC91985}.Release|Any CPU.Build.0 = Release|Any CPU
		{B4E86471-EA1F-4FE1-95E5-1A891EAB3CCA}.Debug|Any CPU.ActiveCfg = Debug|Any CPU
		{B4E86471-EA1F-4FE1-95E5-1A891EAB3CCA}.Debug|Any CPU.Build.0 = Debug|Any CPU
		{B4E86471-EA1F-4FE1-95E5-1A891EAB3CCA}.Release|Any CPU.ActiveCfg = Release|Any CPU
		{B4E86471-EA1F-4FE1-95E5-1A891EAB3CCA}.Release|Any CPU.Build.0 = Release|Any CPU
		{6D2102AF-B999-4FA4-8FCC-4B4D070FD5FC}.Debug|Any CPU.ActiveCfg = Debug|Any CPU
		{6D2102AF-B999-4FA4-8FCC-4B4D070FD5FC}.Debug|Any CPU.Build.0 = Debug|Any CPU
		{6D2102AF-B999-4FA4-8FCC-4B4D070FD5FC}.Release|Any CPU.ActiveCfg = Release|Any CPU
		{6D2102AF-B999-4FA4-8FCC-4B4D070FD5FC}.Release|Any CPU.Build.0 = Release|Any CPU
		{5A56ADB6-1D49-4C02-BCDD-BE0BB1F3F9AC}.Debug|Any CPU.ActiveCfg = Debug|Any CPU
		{5A56ADB6-1D49-4C02-BCDD-BE0BB1F3F9AC}.Debug|Any CPU.Build.0 = Debug|Any CPU
		{5A56ADB6-1D49-4C02-BCDD-BE0BB1F3F9AC}.Release|Any CPU.ActiveCfg = Release|Any CPU
		{5A56ADB6-1D49-4C02-BCDD-BE0BB1F3F9AC}.Release|Any CPU.Build.0 = Release|Any CPU
		{6280A060-BBA1-45B5-A633-BB2681142846}.Debug|Any CPU.ActiveCfg = Debug|Any CPU
		{6280A060-BBA1-45B5-A633-BB2681142846}.Debug|Any CPU.Build.0 = Debug|Any CPU
		{6280A060-BBA1-45B5-A633-BB2681142846}.Release|Any CPU.ActiveCfg = Release|Any CPU
		{6280A060-BBA1-45B5-A633-BB2681142846}.Release|Any CPU.Build.0 = Release|Any CPU
	EndGlobalSection
	GlobalSection(SolutionProperties) = preSolution
		HideSolutionNode = FALSE
	EndGlobalSection
	GlobalSection(ExtensibilityGlobals) = postSolution
		SolutionGuid = {5017495A-A6C2-407D-BFA6-30809B485833}
	EndGlobalSection
EndGlobal
